
Microsoft Visual Studio Solution File, Format Version 12.00
Project("{F2A71F9B-5D33-465A-A702-920D77279786}") = "Katas", "Katas\Katas.fsproj", "{EC597840-573A-48ED-97E8-8B5B54D5AFDD}"
EndProject
Project("{F2A71F9B-5D33-465A-A702-920D77279786}") = "KataTests", "KataTests\KataTests.fsproj", "{0CA5181E-330C-43F6-87C8-8477944A8DE6}"
EndProject
Global
	GlobalSection(SolutionConfigurationPlatforms) = preSolution
		Debug|Any CPU = Debug|Any CPU
		Release|Any CPU = Release|Any CPU
	EndGlobalSection
	GlobalSection(ProjectConfigurationPlatforms) = postSolution
		{EC597840-573A-48ED-97E8-8B5B54D5AFDD}.Debug|Any CPU.ActiveCfg = Debug|Any CPU
		{EC597840-573A-48ED-97E8-8B5B54D5AFDD}.Debug|Any CPU.Build.0 = Debug|Any CPU
		{EC597840-573A-48ED-97E8-8B5B54D5AFDD}.Release|Any CPU.ActiveCfg = Release|Any CPU
		{EC597840-573A-48ED-97E8-8B5B54D5AFDD}.Release|Any CPU.Build.0 = Release|Any CPU
		{0CA5181E-330C-43F6-87C8-8477944A8DE6}.Debug|Any CPU.ActiveCfg = Debug|Any CPU
		{0CA5181E-330C-43F6-87C8-8477944A8DE6}.Debug|Any CPU.Build.0 = Debug|Any CPU
		{0CA5181E-330C-43F6-87C8-8477944A8DE6}.Release|Any CPU.ActiveCfg = Release|Any CPU
		{0CA5181E-330C-43F6-87C8-8477944A8DE6}.Release|Any CPU.Build.0 = Release|Any CPU
	EndGlobalSection
EndGlobal
